<?xml version="1.0" encoding="UTF-8" standalone="yes" ?>
<CodeBlocks_project_file>
	<FileVersion major="1" minor="6" />
	<Project>
		<Option title="htmlify" />
		<Option pch_mode="2" />
		<Option compiler="gcc" />
		<Build>
			<Target title="Debug">
				<Option output="bin/Debug/htmlify" prefix_auto="1" extension_auto="1" />
				<Option object_output="obj/Debug/" />
				<Option type="1" />
				<Option compiler="gcc" />
				<Compiler>
					<Add option="-g" />
				</Compiler>
			</Target>
			<Target title="Release">
				<Option output="bin/Release/htmlify" prefix_auto="1" extension_auto="1" />
				<Option object_output="obj/Release/" />
				<Option type="1" />
				<Option compiler="gcc" />
				<Compiler>
					<Add option="-O3" />
				</Compiler>
				<Linker>
					<Add option="-s" />
				</Linker>
			</Target>
			<Target title="Release_no-conv">
				<Option output="bin/Release_no-conv/htmlify" prefix_auto="1" extension_auto="1" />
				<Option working_dir="bin/Release_no-conv/" />
				<Option object_output="obj/Release_no-conv/" />
				<Option type="1" />
				<Option compiler="gcc" />
				<Compiler>
					<Add option="-O3" />
					<Add option="-DNO_STRING_CONVERSION" />
				</Compiler>
				<Linker>
					<Add option="-s" />
				</Linker>
			</Target>
		</Build>
		<Compiler>
			<Add option="-Wall" />
			<Add option="-fexceptions" />
			<Add option="-DNO_SMILIES_IN_PARSER" />
		</Compiler>
		<Unit filename="TrimmingBBCodes.h" />
		<Unit filename="handleSpecialChars.h" />
		<Unit filename="main.cpp" />
		<Unit filename="pmdb/MsgTemplate.cpp" />
		<Unit filename="pmdb/MsgTemplate.h" />
		<Unit filename="pmdb/bbcode/BBCode.cpp" />
		<Unit filename="pmdb/bbcode/BBCode.h" />
		<Unit filename="pmdb/bbcode/BBCodeParser.cpp" />
		<Unit filename="pmdb/bbcode/BBCodeParser.h" />
		<Unit filename="pmdb/bbcode/TextProcessor.h" />
		<Unit filename="pmdb/bbcode/quotes.cpp" />
		<Unit filename="pmdb/bbcode/quotes.h" />
		<Unit filename="pmdb/libthoro/common/FileFunctions.cpp" />
		<Unit filename="pmdb/libthoro/common/FileFunctions.h" />
		<Unit filename="pmdb/libthoro/common/StringConversion.h">
			<Option target="Debug" />
			<Option target="Release" />
		</Unit>
		<Unit filename="pmdb/libthoro/common/StringUtils.cpp" />
		<Unit filename="pmdb/libthoro/common/StringUtils.h" />
		<Extensions>
			<code_completion />
			<envvars />
			<debugger />
			<lib_finder disable_auto="1" />
		</Extensions>
	</Project>
</CodeBlocks_project_file>
